
Microsoft Visual Studio Solution File, Format Version 12.00
# Visual Studio 15
VisualStudioVersion = 15.0.28307.271
MinimumVisualStudioVersion = 10.0.40219.1
Project("{FAE04EC0-301F-11D3-BF4B-00C04F79EFBC}") = "code", "code\code.csproj", "{7C0B1029-9214-4C7D-A7F2-8165407B130E}"
EndProject
Global
	GlobalSection(SolutionConfigurationPlatforms) = preSolution
		Debug|Any CPU = Debug|Any CPU
		Release|Any CPU = Release|Any CPU
	EndGlobalSection
	GlobalSection(ProjectConfigurationPlatforms) = postSolution
		{7C0B1029-9214-4C7D-A7F2-8165407B130E}.Debug|Any CPU.ActiveCfg = Debug|Any CPU
		{7C0B1029-9214-4C7D-A7F2-8165407B130E}.Debug|Any CPU.Build.0 = Debug|Any CPU
		{7C0B1029-9214-4C7D-A7F2-8165407B130E}.Release|Any CPU.ActiveCfg = Release|Any CPU
		{7C0B1029-9214-4C7D-A7F2-8165407B130E}.Release|Any CPU.Build.0 = Release|Any CPU
	EndGlobalSection
	GlobalSection(SolutionProperties) = preSolution
		HideSolutionNode = FALSE
	EndGlobalSection
	GlobalSection(ExtensibilityGlobals) = postSolution
		SolutionGuid = {4C409DE7-41CF-40C5-A60A-8C7006F9A18F}
	EndGlobalSection
EndGlobal
